
Microsoft Visual Studio Solution File, Format Version 12.00
# Visual Studio 15
Project("{FAE04EC0-301F-11D3-BF4B-00C04F79EFBC}") = "Assembly-CSharp", "Assembly-CSharp.csproj", "{D3C58BEE-6D35-2C5F-14CF-D76A55FBA68A}"
EndProject
Project("{FAE04EC0-301F-11D3-BF4B-00C04F79EFBC}") = "AstarPathfindingProject", "AstarPathfindingProject.csproj", "{96D76A87-51FB-F1CE-668A-EDA52E1703B3}"
EndProject
Project("{FAE04EC0-301F-11D3-BF4B-00C04F79EFBC}") = "AstarPathfindingProjectEditor", "AstarPathfindingProjectEditor.csproj", "{68E0248B-08EC-0686-AC2D-DB1332BDCA69}"
EndProject
Project("{FAE04EC0-301F-11D3-BF4B-00C04F79EFBC}") = "PackageToolsEditor", "PackageToolsEditor.csproj", "{A64CBFAA-3273-9884-C2DC-5FF274258E77}"
EndProject
Global
	GlobalSection(SolutionConfigurationPlatforms) = preSolution
		Debug|Any CPU = Debug|Any CPU
		Release|Any CPU = Release|Any CPU
	EndGlobalSection
	GlobalSection(ProjectConfigurationPlatforms) = postSolution
		{D3C58BEE-6D35-2C5F-14CF-D76A55FBA68A}.Debug|Any CPU.ActiveCfg = Debug|Any CPU
		{D3C58BEE-6D35-2C5F-14CF-D76A55FBA68A}.Debug|Any CPU.Build.0 = Debug|Any CPU
		{D3C58BEE-6D35-2C5F-14CF-D76A55FBA68A}.Release|Any CPU.ActiveCfg = Release|Any CPU
		{D3C58BEE-6D35-2C5F-14CF-D76A55FBA68A}.Release|Any CPU.Build.0 = Release|Any CPU
		{96D76A87-51FB-F1CE-668A-EDA52E1703B3}.Debug|Any CPU.ActiveCfg = Debug|Any CPU
		{96D76A87-51FB-F1CE-668A-EDA52E1703B3}.Debug|Any CPU.Build.0 = Debug|Any CPU
		{96D76A87-51FB-F1CE-668A-EDA52E1703B3}.Release|Any CPU.ActiveCfg = Release|Any CPU
		{96D76A87-51FB-F1CE-668A-EDA52E1703B3}.Release|Any CPU.Build.0 = Release|Any CPU
		{68E0248B-08EC-0686-AC2D-DB1332BDCA69}.Debug|Any CPU.ActiveCfg = Debug|Any CPU
		{68E0248B-08EC-0686-AC2D-DB1332BDCA69}.Debug|Any CPU.Build.0 = Debug|Any CPU
		{68E0248B-08EC-0686-AC2D-DB1332BDCA69}.Release|Any CPU.ActiveCfg = Release|Any CPU
		{68E0248B-08EC-0686-AC2D-DB1332BDCA69}.Release|Any CPU.Build.0 = Release|Any CPU
		{A64CBFAA-3273-9884-C2DC-5FF274258E77}.Debug|Any CPU.ActiveCfg = Debug|Any CPU
		{A64CBFAA-3273-9884-C2DC-5FF274258E77}.Debug|Any CPU.Build.0 = Debug|Any CPU
		{A64CBFAA-3273-9884-C2DC-5FF274258E77}.Release|Any CPU.ActiveCfg = Release|Any CPU
		{A64CBFAA-3273-9884-C2DC-5FF274258E77}.Release|Any CPU.Build.0 = Release|Any CPU
	EndGlobalSection
	GlobalSection(SolutionProperties) = preSolution
		HideSolutionNode = FALSE
	EndGlobalSection
EndGlobal
